
Microsoft Visual Studio Solution File, Format Version 12.00
# Visual Studio Version 17
VisualStudioVersion = 17.0.31903.59
MinimumVisualStudioVersion = 10.0.40219.1
Project("{9A19103F-16F7-4668-BE54-9A1E7A4F7556}") = "Customers.API", "Customers.API\Customers.API.csproj", "{33D61576-3540-475C-990D-E6C722150FA1}"
EndProject
Project("{FAE04EC0-301F-11D3-BF4B-00C04F79EFBC}") = "Customers.API.UnitTests", "Customers.API.UnitTests\Customers.API.UnitTests.csproj", "{73FB52B0-AAC4-4B1A-B1E8-10763ACDE63A}"
EndProject
Project("{FAE04EC0-301F-11D3-BF4B-00C04F79EFBC}") = "Customers.API.IntegrationTests", "Customers.API.IntegrationTests\Customers.API.IntegrationTests.csproj", "{67B4C30C-F7A9-41EB-AE19-8324841757B4}"
EndProject
Global
	GlobalSection(SolutionConfigurationPlatforms) = preSolution
		Debug|Any CPU = Debug|Any CPU
		Release|Any CPU = Release|Any CPU
	EndGlobalSection
	GlobalSection(ProjectConfigurationPlatforms) = postSolution
		{33D61576-3540-475C-990D-E6C722150FA1}.Debug|Any CPU.ActiveCfg = Debug|Any CPU
		{33D61576-3540-475C-990D-E6C722150FA1}.Debug|Any CPU.Build.0 = Debug|Any CPU
		{33D61576-3540-475C-990D-E6C722150FA1}.Release|Any CPU.ActiveCfg = Release|Any CPU
		{33D61576-3540-475C-990D-E6C722150FA1}.Release|Any CPU.Build.0 = Release|Any CPU
		{73FB52B0-AAC4-4B1A-B1E8-10763ACDE63A}.Debug|Any CPU.ActiveCfg = Debug|Any CPU
		{73FB52B0-AAC4-4B1A-B1E8-10763ACDE63A}.Debug|Any CPU.Build.0 = Debug|Any CPU
		{73FB52B0-AAC4-4B1A-B1E8-10763ACDE63A}.Release|Any CPU.ActiveCfg = Release|Any CPU
		{73FB52B0-AAC4-4B1A-B1E8-10763ACDE63A}.Release|Any CPU.Build.0 = Release|Any CPU
		{67B4C30C-F7A9-41EB-AE19-8324841757B4}.Debug|Any CPU.ActiveCfg = Debug|Any CPU
		{67B4C30C-F7A9-41EB-AE19-8324841757B4}.Debug|Any CPU.Build.0 = Debug|Any CPU
		{67B4C30C-F7A9-41EB-AE19-8324841757B4}.Release|Any CPU.ActiveCfg = Release|Any CPU
		{67B4C30C-F7A9-41EB-AE19-8324841757B4}.Release|Any CPU.Build.0 = Release|Any CPU
	EndGlobalSection
	GlobalSection(SolutionProperties) = preSolution
		HideSolutionNode = FALSE
	EndGlobalSection
	GlobalSection(ExtensibilityGlobals) = postSolution
		SolutionGuid = {D33D1910-D5FE-4417-8109-88581BCE81B5}
	EndGlobalSection
EndGlobal
